
Microsoft Visual Studio Solution File, Format Version 12.00
# Visual Studio 15
VisualStudioVersion = 15.0.28306.52
MinimumVisualStudioVersion = 10.0.40219.1
Project("{FAE04EC0-301F-11D3-BF4B-00C04F79EFBC}") = "MvcMovie", "MvcMovie\MvcMovie.csproj", "{F17FB0FD-FEBC-4F04-A157-DC8E9728F99F}"
EndProject
Global
	GlobalSection(SolutionConfigurationPlatforms) = preSolution
		Debug|Any CPU = Debug|Any CPU
		Release|Any CPU = Release|Any CPU
	EndGlobalSection
	GlobalSection(ProjectConfigurationPlatforms) = postSolution
		{F17FB0FD-FEBC-4F04-A157-DC8E9728F99F}.Debug|Any CPU.ActiveCfg = Debug|Any CPU
		{F17FB0FD-FEBC-4F04-A157-DC8E9728F99F}.Debug|Any CPU.Build.0 = Debug|Any CPU
		{F17FB0FD-FEBC-4F04-A157-DC8E9728F99F}.Release|Any CPU.ActiveCfg = Release|Any CPU
		{F17FB0FD-FEBC-4F04-A157-DC8E9728F99F}.Release|Any CPU.Build.0 = Release|Any CPU
	EndGlobalSection
	GlobalSection(SolutionProperties) = preSolution
		HideSolutionNode = FALSE
	EndGlobalSection
	GlobalSection(ExtensibilityGlobals) = postSolution
		SolutionGuid = {434494AE-40D5-45C3-8693-EF862D28395B}
	EndGlobalSection
EndGlobal
